# This file is automatically @generated by Cargo.
# It is not intended for manual editing.
[[package]]
name = "acpi"
version = "2.0.0"
source = "registry+https://github.com/rust-lang/crates.io-index"
checksum = "d3ab3839b59d4b1e84c92950661ead1ce3ac606d6639bb8442c4e38a59000ebf"
dependencies = [
 "bit_field 0.10.1",
 "log",
 "rsdp",
]

[[package]]
name = "ahash"
version = "0.3.8"
source = "registry+https://github.com/rust-lang/crates.io-index"
checksum = "e8fd72866655d1904d6b0997d0b07ba561047d070fbe29de039031c641b61217"

[[package]]
name = "array-init"
version = "0.1.1"
source = "registry+https://github.com/rust-lang/crates.io-index"
checksum = "f30bbe2f5e3d117f55bd8c7a1f9191e4a5deba9f15f595bbea4f670c59c765db"

[[package]]
name = "atomic_bitfield"
version = "0.1.0"
source = "registry+https://github.com/rust-lang/crates.io-index"
checksum = "dd8406aec7cf333fd4b0c15a8af08c72c49ca9b68ed2d1d89cc65b7c88552c32"
dependencies = [
 "bit_field 0.9.0",
 "cfg-if",
]

[[package]]
name = "autocfg"
version = "1.0.1"
source = "registry+https://github.com/rust-lang/crates.io-index"
checksum = "cdb031dd78e28731d87d56cc8ffef4a8f36ca26c38fe2de700543e627f8a464a"

[[package]]
name = "bit_field"
version = "0.9.0"
source = "registry+https://github.com/rust-lang/crates.io-index"
checksum = "ed8765909f9009617974ab6b7d332625b320b33c326b1e9321382ef1999b5d56"

[[package]]
name = "bit_field"
version = "0.10.1"
source = "registry+https://github.com/rust-lang/crates.io-index"
checksum = "dcb6dd1c2376d2e096796e234a70e17e94cc2d5d54ff8ce42b28cef1d0d359a4"

[[package]]
name = "bitflags"
version = "1.2.1"
source = "registry+https://github.com/rust-lang/crates.io-index"
checksum = "cf1de2fe8c75bc145a2f577add951f8134889b4795d47466a54a5c846d691693"

[[package]]
name = "cfg-if"
version = "0.1.10"
source = "registry+https://github.com/rust-lang/crates.io-index"
checksum = "4785bdd1c96b2a846b2bd7cc02e86b6b3dbf14e7e53446c4f54c92a361040822"

[[package]]
name = "dashmap"
version = "3.11.10"
dependencies = [
 "cfg-if",
 "hashbrown",
 "wyhash",
]

[[package]]
name = "friendly"
version = "0.1.0"
source = "git+https://github.com/Restioson/friendly#f5762dc76c2b909127c97d60817594aa53622997"

[[package]]
name = "goblin"
version = "0.2.3"
source = "registry+https://github.com/rust-lang/crates.io-index"
checksum = "d20fd25aa456527ce4f544271ae4fea65d2eda4a6561ea56f39fb3ee4f7e3884"
dependencies = [
 "plain",
 "scroll",
]

[[package]]
name = "hashbrown"
version = "0.8.2"
source = "registry+https://github.com/rust-lang/crates.io-index"
checksum = "e91b62f79061a0bc2e046024cb7ba44b08419ed238ecbd9adbd787434b9e8c25"
dependencies = [
 "ahash",
 "autocfg",
]

[[package]]
name = "init"
version = "0.1.0"
dependencies = [
 "libwolffia",
]

[[package]]
name = "lazy_static"
version = "1.4.0"
source = "registry+https://github.com/rust-lang/crates.io-index"
checksum = "e2abad23fbc42b3700f2f279844dc832adb2b2eb069b2df918f455c4e18cc646"
dependencies = [
 "spin 0.5.2",
]

[[package]]
name = "libwolffia"
version = "0.1.0"

[[package]]
name = "log"
version = "0.4.11"
source = "registry+https://github.com/rust-lang/crates.io-index"
checksum = "4fabed175da42fed1fa0746b0ea71f412aa9d35e76e95e59b192c64b9dc2bf8b"
dependencies = [
 "cfg-if",
]

[[package]]
name = "multiboot2"
version = "0.9.0"
source = "registry+https://github.com/rust-lang/crates.io-index"
checksum = "e9a649a4ee63c693e6f1cdc048e80136f9863c75952c72508b8305b0b8889759"
dependencies = [
 "bitflags",
]

[[package]]
name = "plain"
version = "0.2.3"
source = "registry+https://github.com/rust-lang/crates.io-index"
checksum = "b4596b6d070b27117e987119b4dac604f3c58cfb0b191112e24771b2faeac1a6"

[[package]]
name = "rand_core"
version = "0.5.1"
source = "registry+https://github.com/rust-lang/crates.io-index"
checksum = "90bde5296fc891b0cef12a6d03ddccc162ce7b2aff54160af9338f8d40df6d19"

[[package]]
name = "rsdp"
version = "1.0.0"
source = "registry+https://github.com/rust-lang/crates.io-index"
checksum = "49b26cb0132c85db7152fc291c9680a9240d4ef482287667819dbaec1d665dbd"
dependencies = [
 "log",
]

[[package]]
name = "scroll"
version = "0.10.2"
source = "registry+https://github.com/rust-lang/crates.io-index"
checksum = "fda28d4b4830b807a8b43f7b0e6b5df875311b3e7621d84577188c175b6ec1ec"

[[package]]
name = "spin"
version = "0.5.2"
source = "registry+https://github.com/rust-lang/crates.io-index"
checksum = "6e63cff320ae2c57904679ba7cb63280a3dc4613885beafb148ee7bf9aa9042d"

[[package]]
name = "spin"
version = "0.6.0"
source = "registry+https://github.com/rust-lang/crates.io-index"
checksum = "ef7b840d5ef62f81f50649ade37112748461256c64a70bccefeabb4d02c515c5"

[[package]]
name = "tinyvec"
version = "1.0.1"
source = "registry+https://github.com/rust-lang/crates.io-index"
checksum = "b78a366903f506d2ad52ca8dc552102ffdd3e937ba8a227f024dc1d1eae28575"

[[package]]
name = "uart_16550"
version = "0.2.10"
source = "registry+https://github.com/rust-lang/crates.io-index"
checksum = "afb00b16a4c8acbfc4eb8cfeda1f9c0507c7e87c6563edce64a236af93acf70c"
dependencies = [
 "bitflags",
 "x86_64 0.12.2 (registry+https://github.com/rust-lang/crates.io-index)",
]

[[package]]
name = "wolffia_kernel"
version = "0.1.0"
dependencies = [
 "acpi",
 "array-init",
 "atomic_bitfield",
 "bit_field 0.10.1",
 "bitflags",
 "dashmap",
 "friendly",
 "goblin",
 "lazy_static",
 "log",
 "multiboot2",
 "spin 0.6.0",
 "tinyvec",
 "uart_16550",
 "x86_64 0.12.2",
]

[[package]]
name = "wyhash"
version = "0.4.1"
source = "git+https://github.com/eldruin/wyhash-rs#c9ba3f61af8dfbb31b0dfa369a077e10851a00a4"
dependencies = [
 "rand_core",
]

[[package]]
name = "x86_64"
version = "0.12.2"
dependencies = [
 "bit_field 0.9.0",
 "bitflags",
]

[[package]]
name = "x86_64"
version = "0.12.2"
source = "registry+https://github.com/rust-lang/crates.io-index"
checksum = "d5b4b42dbabe13b69023e1a1407d395f1a1a33df76e9a9efdbe303acc907e292"
dependencies = [
 "bit_field 0.9.0",
 "bitflags",
]
