# This file is automatically @generated by Cargo.
# It is not intended for manual editing.
[[package]]
name = "bitflags"
version = "1.2.1"
source = "registry+https://github.com/rust-lang/crates.io-index"
checksum = "cf1de2fe8c75bc145a2f577add951f8134889b4795d47466a54a5c846d691693"

[[package]]
name = "init"
version = "0.1.0"
dependencies = [
 "libwolffia",
]

[[package]]
name = "libwolffia"
version = "0.1.0"
dependencies = [
 "bitflags",
 "libwolffia_macros",
 "paste",
]

[[package]]
name = "libwolffia_macros"
version = "0.1.0"

[[package]]
name = "paste"
version = "1.0.1"
source = "registry+https://github.com/rust-lang/crates.io-index"
checksum = "0520af26d4cf99643dbbe093a61507922b57232d9978d8491fdc8f7b44573c8c"
